// !$*UTF8*$!
{
	archiveVersion = 1;
	classes = {
	};
	objectVersion = 50;
	objects = {

/* Begin PBXBuildFile section */
		768338DB247B2FDC00E15A3B /* AppDelegate.swift in Sources */ = {isa = PBXBuildFile; fileRef = 768338DA247B2FDC00E15A3B /* AppDelegate.swift */; };
		768338DD247B2FDC00E15A3B /* SceneDelegate.swift in Sources */ = {isa = PBXBuildFile; fileRef = 768338DC247B2FDC00E15A3B /* SceneDelegate.swift */; };
		768338E2247B2FDC00E15A3B /* Main.storyboard in Resources */ = {isa = PBXBuildFile; fileRef = 768338E0247B2FDC00E15A3B /* Main.storyboard */; };
		768338E5247B2FDC00E15A3B /* CoreDataDemo1.xcdatamodeld in Sources */ = {isa = PBXBuildFile; fileRef = 768338E3247B2FDC00E15A3B /* CoreDataDemo1.xcdatamodeld */; };
		768338E7247B2FE100E15A3B /* Assets.xcassets in Resources */ = {isa = PBXBuildFile; fileRef = 768338E6247B2FE100E15A3B /* Assets.xcassets */; };
		768338EA247B2FE100E15A3B /* LaunchScreen.storyboard in Resources */ = {isa = PBXBuildFile; fileRef = 768338E8247B2FE100E15A3B /* LaunchScreen.storyboard */; };
		768338F5247B36DF00E15A3B /* ProductVC.swift in Sources */ = {isa = PBXBuildFile; fileRef = 768338F4247B36DF00E15A3B /* ProductVC.swift */; };
		768338F9247B3A9E00E15A3B /* DesignableUITextField.swift in Sources */ = {isa = PBXBuildFile; fileRef = 768338F8247B3A9E00E15A3B /* DesignableUITextField.swift */; };
		768338FB247B455B00E15A3B /* Default-568h@2x.png in Resources */ = {isa = PBXBuildFile; fileRef = 768338FA247B455A00E15A3B /* Default-568h@2x.png */; };
/* End PBXBuildFile section */

/* Begin PBXFileReference section */
		768338D7247B2FDC00E15A3B /* CoreDataDemo1.app */ = {isa = PBXFileReference; explicitFileType = wrapper.application; includeInIndex = 0; path = CoreDataDemo1.app; sourceTree = BUILT_PRODUCTS_DIR; };
		768338DA247B2FDC00E15A3B /* AppDelegate.swift */ = {isa = PBXFileReference; lastKnownFileType = sourcecode.swift; path = AppDelegate.swift; sourceTree = "<group>"; };
		768338DC247B2FDC00E15A3B /* SceneDelegate.swift */ = {isa = PBXFileReference; lastKnownFileType = sourcecode.swift; path = SceneDelegate.swift; sourceTree = "<group>"; };
		768338E1247B2FDC00E15A3B /* Base */ = {isa = PBXFileReference; lastKnownFileType = file.storyboard; name = Base; path = Base.lproj/Main.storyboard; sourceTree = "<group>"; };
		768338E4247B2FDC00E15A3B /* CoreDataDemo1.xcdatamodel */ = {isa = PBXFileReference; lastKnownFileType = wrapper.xcdatamodel; path = CoreDataDemo1.xcdatamodel; sourceTree = "<group>"; };
		768338E6247B2FE100E15A3B /* Assets.xcassets */ = {isa = PBXFileReference; lastKnownFileType = folder.assetcatalog; path = Assets.xcassets; sourceTree = "<group>"; };
		768338E9247B2FE100E15A3B /* Base */ = {isa = PBXFileReference; lastKnownFileType = file.storyboard; name = Base; path = Base.lproj/LaunchScreen.storyboard; sourceTree = "<group>"; };
		768338EB247B2FE100E15A3B /* Info.plist */ = {isa = PBXFileReference; lastKnownFileType = text.plist.xml; path = Info.plist; sourceTree = "<group>"; };
		768338F4247B36DF00E15A3B /* ProductVC.swift */ = {isa = PBXFileReference; lastKnownFileType = sourcecode.swift; path = ProductVC.swift; sourceTree = "<group>"; };
		768338F8247B3A9E00E15A3B /* DesignableUITextField.swift */ = {isa = PBXFileReference; fileEncoding = 4; lastKnownFileType = sourcecode.swift; path = DesignableUITextField.swift; sourceTree = "<group>"; };
		768338FA247B455A00E15A3B /* Default-568h@2x.png */ = {isa = PBXFileReference; lastKnownFileType = image.png; path = "Default-568h@2x.png"; sourceTree = "<group>"; };
/* End PBXFileReference section */

/* Begin PBXFrameworksBuildPhase section */
		768338D4247B2FDC00E15A3B /* Frameworks */ = {
			isa = PBXFrameworksBuildPhase;
			buildActionMask = 2147483647;
			files = (
			);
			runOnlyForDeploymentPostprocessing = 0;
		};
/* End PBXFrameworksBuildPhase section */

/* Begin PBXGroup section */
		768338CE247B2FDC00E15A3B = {
			isa = PBXGroup;
			children = (
				768338FA247B455A00E15A3B /* Default-568h@2x.png */,
				768338D9247B2FDC00E15A3B /* CoreDataDemo1 */,
				768338D8247B2FDC00E15A3B /* Products */,
			);
			sourceTree = "<group>";
		};
		768338D8247B2FDC00E15A3B /* Products */ = {
			isa = PBXGroup;
			children = (
				768338D7247B2FDC00E15A3B /* CoreDataDemo1.app */,
			);
			name = Products;
			sourceTree = "<group>";
		};
		768338D9247B2FDC00E15A3B /* CoreDataDemo1 */ = {
			isa = PBXGroup;
			children = (
				768338F7247B3A5400E15A3B /* AppDelegate+Deleagtes */,
				768338F6247B3A4700E15A3B /* Extension */,
				768338F1247B335600E15A3B /* Model */,
				768338F3247B338200E15A3B /* view */,
				768338F2247B336D00E15A3B /* Controller */,
				768338FC247B45E100E15A3B /* Scenes */,
				768338E6247B2FE100E15A3B /* Assets.xcassets */,
				768338E3247B2FDC00E15A3B /* CoreDataDemo1.xcdatamodeld */,
				768338EB247B2FE100E15A3B /* Info.plist */,
			);
			path = CoreDataDemo1;
			sourceTree = "<group>";
		};
		768338F1247B335600E15A3B /* Model */ = {
			isa = PBXGroup;
			children = (
			);
			path = Model;
			sourceTree = "<group>";
		};
		768338F2247B336D00E15A3B /* Controller */ = {
			isa = PBXGroup;
			children = (
				768338F4247B36DF00E15A3B /* ProductVC.swift */,
			);
			path = Controller;
			sourceTree = "<group>";
		};
		768338F3247B338200E15A3B /* view */ = {
			isa = PBXGroup;
			children = (
			);
			path = view;
			sourceTree = "<group>";
		};
		768338F6247B3A4700E15A3B /* Extension */ = {
			isa = PBXGroup;
			children = (
				768338F8247B3A9E00E15A3B /* DesignableUITextField.swift */,
			);
			path = Extension;
			sourceTree = "<group>";
		};
		768338F7247B3A5400E15A3B /* AppDelegate+Deleagtes */ = {
			isa = PBXGroup;
			children = (
				768338DA247B2FDC00E15A3B /* AppDelegate.swift */,
				768338DC247B2FDC00E15A3B /* SceneDelegate.swift */,
			);
			path = "AppDelegate+Deleagtes";
			sourceTree = "<group>";
		};
		768338FC247B45E100E15A3B /* Scenes */ = {
			isa = PBXGroup;
			children = (
				768338E0247B2FDC00E15A3B /* Main.storyboard */,
				768338E8247B2FE100E15A3B /* LaunchScreen.storyboard */,
			);
			path = Scenes;
			sourceTree = "<group>";
		};
/* End PBXGroup section */

/* Begin PBXNativeTarget section */
		768338D6247B2FDC00E15A3B /* CoreDataDemo1 */ = {
			isa = PBXNativeTarget;
			buildConfigurationList = 768338EE247B2FE100E15A3B /* Build configuration list for PBXNativeTarget "CoreDataDemo1" */;
			buildPhases = (
				768338D3247B2FDC00E15A3B /* Sources */,
				768338D4247B2FDC00E15A3B /* Frameworks */,
				768338D5247B2FDC00E15A3B /* Resources */,
			);
			buildRules = (
			);
			dependencies = (
			);
			name = CoreDataDemo1;
			productName = CoreDataDemo1;
			productReference = 768338D7247B2FDC00E15A3B /* CoreDataDemo1.app */;
			productType = "com.apple.product-type.application";
		};
/* End PBXNativeTarget section */

/* Begin PBXProject section */
		768338CF247B2FDC00E15A3B /* Project object */ = {
			isa = PBXProject;
			attributes = {
				LastSwiftUpdateCheck = 1130;
				LastUpgradeCheck = 1130;
				ORGANIZATIONNAME = "Mohamed Adel";
				TargetAttributes = {
					768338D6247B2FDC00E15A3B = {
						CreatedOnToolsVersion = 11.3.1;
					};
				};
			};
			buildConfigurationList = 768338D2247B2FDC00E15A3B /* Build configuration list for PBXProject "CoreDataDemo1" */;
			compatibilityVersion = "Xcode 9.3";
			developmentRegion = en;
			hasScannedForEncodings = 0;
			knownRegions = (
				en,
				Base,
			);
			mainGroup = 768338CE247B2FDC00E15A3B;
			productRefGroup = 768338D8247B2FDC00E15A3B /* Products */;
			projectDirPath = "";
			projectRoot = "";
			targets = (
				768338D6247B2FDC00E15A3B /* CoreDataDemo1 */,
			);
		};
/* End PBXProject section */

/* Begin PBXResourcesBuildPhase section */
		768338D5247B2FDC00E15A3B /* Resources */ = {
			isa = PBXResourcesBuildPhase;
			buildActionMask = 2147483647;
			files = (
				768338EA247B2FE100E15A3B /* LaunchScreen.storyboard in Resources */,
				768338FB247B455B00E15A3B /* Default-568h@2x.png in Resources */,
				768338E7247B2FE100E15A3B /* Assets.xcassets in Resources */,
				768338E2247B2FDC00E15A3B /* Main.storyboard in Resources */,
			);
			runOnlyForDeploymentPostprocessing = 0;
		};
/* End PBXResourcesBuildPhase section */

/* Begin PBXSourcesBuildPhase section */
		768338D3247B2FDC00E15A3B /* Sources */ = {
			isa = PBXSourcesBuildPhase;
			buildActionMask = 2147483647;
			files = (
				768338F9247B3A9E00E15A3B /* DesignableUITextField.swift in Sources */,
				768338F5247B36DF00E15A3B /* ProductVC.swift in Sources */,
				768338DB247B2FDC00E15A3B /* AppDelegate.swift in Sources */,
				768338DD247B2FDC00E15A3B /* SceneDelegate.swift in Sources */,
				768338E5247B2FDC00E15A3B /* CoreDataDemo1.xcdatamodeld in Sources */,
			);
			runOnlyForDeploymentPostprocessing = 0;
		};
/* End PBXSourcesBuildPhase section */

/* Begin PBXVariantGroup section */
		768338E0247B2FDC00E15A3B /* Main.storyboard */ = {
			isa = PBXVariantGroup;
			children = (
				768338E1247B2FDC00E15A3B /* Base */,
			);
			name = Main.storyboard;
			sourceTree = "<group>";
		};
		768338E8247B2FE100E15A3B /* LaunchScreen.storyboard */ = {
			isa = PBXVariantGroup;
			children = (
				768338E9247B2FE100E15A3B /* Base */,
			);
			name = LaunchScreen.storyboard;
			sourceTree = "<group>";
		};
/* End PBXVariantGroup section */

/* Begin XCBuildConfiguration section */
		768338EC247B2FE100E15A3B /* Debug */ = {
			isa = XCBuildConfiguration;
			buildSettings = {
				ALWAYS_SEARCH_USER_PATHS = NO;
				CLANG_ANALYZER_NONNULL = YES;
				CLANG_ANALYZER_NUMBER_OBJECT_CONVERSION = YES_AGGRESSIVE;
				CLANG_CXX_LANGUAGE_STANDARD = "gnu++14";
				CLANG_CXX_LIBRARY = "libc++";
				CLANG_ENABLE_MODULES = YES;
				CLANG_ENABLE_OBJC_ARC = YES;
				CLANG_ENABLE_OBJC_WEAK = YES;
				CLANG_WARN_BLOCK_CAPTURE_AUTORELEASING = YES;
				CLANG_WARN_BOOL_CONVERSION = YES;
				CLANG_WARN_COMMA = YES;
				CLANG_WARN_CONSTANT_CONVERSION = YES;
				CLANG_WARN_DEPRECATED_OBJC_IMPLEMENTATIONS = YES;
				CLANG_WARN_DIRECT_OBJC_ISA_USAGE = YES_ERROR;
				CLANG_WARN_DOCUMENTATION_COMMENTS = YES;
				CLANG_WARN_EMPTY_BODY = YES;
				CLANG_WARN_ENUM_CONVERSION = YES;
				CLANG_WARN_INFINITE_RECURSION = YES;
				CLANG_WARN_INT_CONVERSION = YES;
				CLANG_WARN_NON_LITERAL_NULL_CONVERSION = YES;
				CLANG_WARN_OBJC_IMPLICIT_RETAIN_SELF = YES;
				CLANG_WARN_OBJC_LITERAL_CONVERSION = YES;
				CLANG_WARN_OBJC_ROOT_CLASS = YES_ERROR;
				CLANG_WARN_RANGE_LOOP_ANALYSIS = YES;
				CLANG_WARN_STRICT_PROTOTYPES = YES;
				CLANG_WARN_SUSPICIOUS_MOVE = YES;
				CLANG_WARN_UNGUARDED_AVAILABILITY = YES_AGGRESSIVE;
				CLANG_WARN_UNREACHABLE_CODE = YES;
				CLANG_WARN__DUPLICATE_METHOD_MATCH = YES;
				COPY_PHASE_STRIP = NO;
				DEBUG_INFORMATION_FORMAT = dwarf;
				ENABLE_STRICT_OBJC_MSGSEND = YES;
				ENABLE_TESTABILITY = YES;
				GCC_C_LANGUAGE_STANDARD = gnu11;
				GCC_DYNAMIC_NO_PIC = NO;
				GCC_NO_COMMON_BLOCKS = YES;
				GCC_OPTIMIZATION_LEVEL = 0;
				GCC_PREPROCESSOR_DEFINITIONS = (
					"DEBUG=1",
					"$(inherited)",
				);
				GCC_WARN_64_TO_32_BIT_CONVERSION = YES;
				GCC_WARN_ABOUT_RETURN_TYPE = YES_ERROR;
				GCC_WARN_UNDECLARED_SELECTOR = YES;
				GCC_WARN_UNINITIALIZED_AUTOS = YES_AGGRESSIVE;
				GCC_WARN_UNUSED_FUNCTION = YES;
				GCC_WARN_UNUSED_VARIABLE = YES;
				IPHONEOS_DEPLOYMENT_TARGET = 13.2;
				MTL_ENABLE_DEBUG_INFO = INCLUDE_SOURCE;
				MTL_FAST_MATH = YES;
				ONLY_ACTIVE_ARCH = YES;
				SDKROOT = iphoneos;
				SWIFT_ACTIVE_COMPILATION_CONDITIONS = DEBUG;
				SWIFT_OPTIMIZATION_LEVEL = "-Onone";
			};
			name = Debug;
		};
		768338ED247B2FE100E15A3B /* Release */ = {
			isa = XCBuildConfiguration;
			buildSettings = {
				ALWAYS_SEARCH_USER_PATHS = NO;
				CLANG_ANALYZER_NONNULL = YES;
				CLANG_ANALYZER_NUMBER_OBJECT_CONVERSION = YES_AGGRESSIVE;
				CLANG_CXX_LANGUAGE_STANDARD = "gnu++14";
				CLANG_CXX_LIBRARY = "libc++";
				CLANG_ENABLE_MODULES = YES;
				CLANG_ENABLE_OBJC_ARC = YES;
				CLANG_ENABLE_OBJC_WEAK = YES;
				CLANG_WARN_BLOCK_CAPTURE_AUTORELEASING = YES;
				CLANG_WARN_BOOL_CONVERSION = YES;
				CLANG_WARN_COMMA = YES;
				CLANG_WARN_CONSTANT_CONVERSION = YES;
				CLANG_WARN_DEPRECATED_OBJC_IMPLEMENTATIONS = YES;
				CLANG_WARN_DIRECT_OBJC_ISA_USAGE = YES_ERROR;
				CLANG_WARN_DOCUMENTATION_COMMENTS = YES;
				CLANG_WARN_EMPTY_BODY = YES;
				CLANG_WARN_ENUM_CONVERSION = YES;
				CLANG_WARN_INFINITE_RECURSION = YES;
				CLANG_WARN_INT_CONVERSION = YES;
				CLANG_WARN_NON_LITERAL_NULL_CONVERSION = YES;
				CLANG_WARN_OBJC_IMPLICIT_RETAIN_SELF = YES;
				CLANG_WARN_OBJC_LITERAL_CONVERSION = YES;
				CLANG_WARN_OBJC_ROOT_CLASS = YES_ERROR;
				CLANG_WARN_RANGE_LOOP_ANALYSIS = YES;
				CLANG_WARN_STRICT_PROTOTYPES = YES;
				CLANG_WARN_SUSPICIOUS_MOVE = YES;
				CLANG_WARN_UNGUARDED_AVAILABILITY = YES_AGGRESSIVE;
				CLANG_WARN_UNREACHABLE_CODE = YES;
				CLANG_WARN__DUPLICATE_METHOD_MATCH = YES;
				COPY_PHASE_STRIP = NO;
				DEBUG_INFORMATION_FORMAT = "dwarf-with-dsym";
				ENABLE_NS_ASSERTIONS = NO;
				ENABLE_STRICT_OBJC_MSGSEND = YES;
				GCC_C_LANGUAGE_STANDARD = gnu11;
				GCC_NO_COMMON_BLOCKS = YES;
				GCC_WARN_64_TO_32_BIT_CONVERSION = YES;
				GCC_WARN_ABOUT_RETURN_TYPE = YES_ERROR;
				GCC_WARN_UNDECLARED_SELECTOR = YES;
				GCC_WARN_UNINITIALIZED_AUTOS = YES_AGGRESSIVE;
				GCC_WARN_UNUSED_FUNCTION = YES;
				GCC_WARN_UNUSED_VARIABLE = YES;
				IPHONEOS_DEPLOYMENT_TARGET = 13.2;
				MTL_ENABLE_DEBUG_INFO = NO;
				MTL_FAST_MATH = YES;
				SDKROOT = iphoneos;
				SWIFT_COMPILATION_MODE = wholemodule;
				SWIFT_OPTIMIZATION_LEVEL = "-O";
				VALIDATE_PRODUCT = YES;
			};
			name = Release;
		};
		768338EF247B2FE100E15A3B /* Debug */ = {
			isa = XCBuildConfiguration;
			buildSettings = {
				ASSETCATALOG_COMPILER_APPICON_NAME = AppIcon;
				CODE_SIGN_STYLE = Automatic;
				INFOPLIST_FILE = CoreDataDemo1/Info.plist;
				LD_RUNPATH_SEARCH_PATHS = (
					"$(inherited)",
					"@executable_path/Frameworks",
				);
				PRODUCT_BUNDLE_IDENTIFIER = "Mohamed-Adel.CoreDataDemo1";
				PRODUCT_NAME = "$(TARGET_NAME)";
				SWIFT_VERSION = 5.0;
				TARGETED_DEVICE_FAMILY = "1,2";
			};
			name = Debug;
		};
		768338F0247B2FE100E15A3B /* Release */ = {
			isa = XCBuildConfiguration;
			buildSettings = {
				ASSETCATALOG_COMPILER_APPICON_NAME = AppIcon;
				CODE_SIGN_STYLE = Automatic;
				INFOPLIST_FILE = CoreDataDemo1/Info.plist;
				LD_RUNPATH_SEARCH_PATHS = (
					"$(inherited)",
					"@executable_path/Frameworks",
				);
				PRODUCT_BUNDLE_IDENTIFIER = "Mohamed-Adel.CoreDataDemo1";
				PRODUCT_NAME = "$(TARGET_NAME)";
				SWIFT_VERSION = 5.0;
				TARGETED_DEVICE_FAMILY = "1,2";
			};
			name = Release;
		};
/* End XCBuildConfiguration section */

/* Begin XCConfigurationList section */
		768338D2247B2FDC00E15A3B /* Build configuration list for PBXProject "CoreDataDemo1" */ = {
			isa = XCConfigurationList;
			buildConfigurations = (
				768338EC247B2FE100E15A3B /* Debug */,
				768338ED247B2FE100E15A3B /* Release */,
			);
			defaultConfigurationIsVisible = 0;
			defaultConfigurationName = Release;
		};
		768338EE247B2FE100E15A3B /* Build configuration list for PBXNativeTarget "CoreDataDemo1" */ = {
			isa = XCConfigurationList;
			buildConfigurations = (
				768338EF247B2FE100E15A3B /* Debug */,
				768338F0247B2FE100E15A3B /* Release */,
			);
			defaultConfigurationIsVisible = 0;
			defaultConfigurationName = Release;
		};
/* End XCConfigurationList section */

/* Begin XCVersionGroup section */
		768338E3247B2FDC00E15A3B /* CoreDataDemo1.xcdatamodeld */ = {
			isa = XCVersionGroup;
			children = (
				768338E4247B2FDC00E15A3B /* CoreDataDemo1.xcdatamodel */,
			);
			currentVersion = 768338E4247B2FDC00E15A3B /* CoreDataDemo1.xcdatamodel */;
			path = CoreDataDemo1.xcdatamodeld;
			sourceTree = "<group>";
			versionGroupType = wrapper.xcdatamodel;
		};
/* End XCVersionGroup section */
	};
	rootObject = 768338CF247B2FDC00E15A3B /* Project object */;
}
